
Microsoft Visual Studio Solution File, Format Version 12.00
Project("{FAE04EC0-301F-11D3-BF4B-00C04F79EFBC}") = "TicTacToe.GameModel", "TicTacToe.GameModel\TicTacToe.GameModel.csproj", "{0D4F093D-0F07-440C-B32D-42C47EDFF8DB}"
EndProject
Project("{FAE04EC0-301F-11D3-BF4B-00C04F79EFBC}") = "TicTacToe.API", "TicTacToe.API\TicTacToe.API.csproj", "{93859960-BC9A-4B64-B510-CE075CCC9240}"
EndProject
Project("{FAE04EC0-301F-11D3-BF4B-00C04F79EFBC}") = "TicTacToe.View", "TicTacToe.View\TicTacToe.View.csproj", "{3E4F290E-4F25-40A9-B98F-AACB95921EF5}"
EndProject
Project("{FAE04EC0-301F-11D3-BF4B-00C04F79EFBC}") = "TicTacToe.Test", "TicTacToe.Test\TicTacToe.Test.csproj", "{74FF4690-59D9-4167-AFA1-131520599ECE}"
EndProject
Project("{FAE04EC0-301F-11D3-BF4B-00C04F79EFBC}") = "TicTacToe.Services", "TicTacToe.Services\TicTacToe.Services.csproj", "{A7B9AD65-719A-4EB6-8714-8C9BB0521887}"
EndProject
Project("{FAE04EC0-301F-11D3-BF4B-00C04F79EFBC}") = "TicTacToe.Data", "TicTacToe.Data\TicTacToe.Data.csproj", "{F554D17B-4A23-4269-BC56-F6A4366541B3}"
EndProject
Global
	GlobalSection(SolutionConfigurationPlatforms) = preSolution
		Debug|Any CPU = Debug|Any CPU
		Release|Any CPU = Release|Any CPU
	EndGlobalSection
	GlobalSection(ProjectConfigurationPlatforms) = postSolution
		{0D4F093D-0F07-440C-B32D-42C47EDFF8DB}.Debug|Any CPU.ActiveCfg = Debug|Any CPU
		{0D4F093D-0F07-440C-B32D-42C47EDFF8DB}.Debug|Any CPU.Build.0 = Debug|Any CPU
		{0D4F093D-0F07-440C-B32D-42C47EDFF8DB}.Release|Any CPU.ActiveCfg = Release|Any CPU
		{0D4F093D-0F07-440C-B32D-42C47EDFF8DB}.Release|Any CPU.Build.0 = Release|Any CPU
		{93859960-BC9A-4B64-B510-CE075CCC9240}.Debug|Any CPU.ActiveCfg = Debug|Any CPU
		{93859960-BC9A-4B64-B510-CE075CCC9240}.Debug|Any CPU.Build.0 = Debug|Any CPU
		{93859960-BC9A-4B64-B510-CE075CCC9240}.Release|Any CPU.ActiveCfg = Release|Any CPU
		{93859960-BC9A-4B64-B510-CE075CCC9240}.Release|Any CPU.Build.0 = Release|Any CPU
		{3E4F290E-4F25-40A9-B98F-AACB95921EF5}.Debug|Any CPU.ActiveCfg = Debug|Any CPU
		{3E4F290E-4F25-40A9-B98F-AACB95921EF5}.Debug|Any CPU.Build.0 = Debug|Any CPU
		{3E4F290E-4F25-40A9-B98F-AACB95921EF5}.Release|Any CPU.ActiveCfg = Release|Any CPU
		{3E4F290E-4F25-40A9-B98F-AACB95921EF5}.Release|Any CPU.Build.0 = Release|Any CPU
		{74FF4690-59D9-4167-AFA1-131520599ECE}.Debug|Any CPU.ActiveCfg = Debug|Any CPU
		{74FF4690-59D9-4167-AFA1-131520599ECE}.Debug|Any CPU.Build.0 = Debug|Any CPU
		{74FF4690-59D9-4167-AFA1-131520599ECE}.Release|Any CPU.ActiveCfg = Release|Any CPU
		{74FF4690-59D9-4167-AFA1-131520599ECE}.Release|Any CPU.Build.0 = Release|Any CPU
		{A7B9AD65-719A-4EB6-8714-8C9BB0521887}.Debug|Any CPU.ActiveCfg = Debug|Any CPU
		{A7B9AD65-719A-4EB6-8714-8C9BB0521887}.Debug|Any CPU.Build.0 = Debug|Any CPU
		{A7B9AD65-719A-4EB6-8714-8C9BB0521887}.Release|Any CPU.ActiveCfg = Release|Any CPU
		{A7B9AD65-719A-4EB6-8714-8C9BB0521887}.Release|Any CPU.Build.0 = Release|Any CPU
		{F554D17B-4A23-4269-BC56-F6A4366541B3}.Debug|Any CPU.ActiveCfg = Debug|Any CPU
		{F554D17B-4A23-4269-BC56-F6A4366541B3}.Debug|Any CPU.Build.0 = Debug|Any CPU
		{F554D17B-4A23-4269-BC56-F6A4366541B3}.Release|Any CPU.ActiveCfg = Release|Any CPU
		{F554D17B-4A23-4269-BC56-F6A4366541B3}.Release|Any CPU.Build.0 = Release|Any CPU
	EndGlobalSection
EndGlobal
