
Microsoft Visual Studio Solution File, Format Version 12.00
Project("{FAE04EC0-301F-11D3-BF4B-00C04F79EFBC}") = "TicTacToe.Model", "TicTacToe.Model\TicTacToe.Model.csproj", "{0D4F093D-0F07-440C-B32D-42C47EDFF8DB}"
EndProject
Project("{FAE04EC0-301F-11D3-BF4B-00C04F79EFBC}") = "TicTacToe.Controller", "TicTacToe.Controller\TicTacToe.Controller.csproj", "{93859960-BC9A-4B64-B510-CE075CCC9240}"
EndProject
Project("{FAE04EC0-301F-11D3-BF4B-00C04F79EFBC}") = "TicTacToe.View", "TicTacToe.View\TicTacToe.View.csproj", "{3E4F290E-4F25-40A9-B98F-AACB95921EF5}"
EndProject
Project("{FAE04EC0-301F-11D3-BF4B-00C04F79EFBC}") = "TicTacToe.Test", "TicTacToe.Test\TicTacToe.Test.csproj", "{74FF4690-59D9-4167-AFA1-131520599ECE}"
EndProject
Global
	GlobalSection(SolutionConfigurationPlatforms) = preSolution
		Debug|Any CPU = Debug|Any CPU
		Release|Any CPU = Release|Any CPU
	EndGlobalSection
	GlobalSection(ProjectConfigurationPlatforms) = postSolution
		{0D4F093D-0F07-440C-B32D-42C47EDFF8DB}.Debug|Any CPU.ActiveCfg = Debug|Any CPU
		{0D4F093D-0F07-440C-B32D-42C47EDFF8DB}.Debug|Any CPU.Build.0 = Debug|Any CPU
		{0D4F093D-0F07-440C-B32D-42C47EDFF8DB}.Release|Any CPU.ActiveCfg = Release|Any CPU
		{0D4F093D-0F07-440C-B32D-42C47EDFF8DB}.Release|Any CPU.Build.0 = Release|Any CPU
		{93859960-BC9A-4B64-B510-CE075CCC9240}.Debug|Any CPU.ActiveCfg = Debug|Any CPU
		{93859960-BC9A-4B64-B510-CE075CCC9240}.Debug|Any CPU.Build.0 = Debug|Any CPU
		{93859960-BC9A-4B64-B510-CE075CCC9240}.Release|Any CPU.ActiveCfg = Release|Any CPU
		{93859960-BC9A-4B64-B510-CE075CCC9240}.Release|Any CPU.Build.0 = Release|Any CPU
		{3E4F290E-4F25-40A9-B98F-AACB95921EF5}.Debug|Any CPU.ActiveCfg = Debug|Any CPU
		{3E4F290E-4F25-40A9-B98F-AACB95921EF5}.Debug|Any CPU.Build.0 = Debug|Any CPU
		{3E4F290E-4F25-40A9-B98F-AACB95921EF5}.Release|Any CPU.ActiveCfg = Release|Any CPU
		{3E4F290E-4F25-40A9-B98F-AACB95921EF5}.Release|Any CPU.Build.0 = Release|Any CPU
		{74FF4690-59D9-4167-AFA1-131520599ECE}.Debug|Any CPU.ActiveCfg = Debug|Any CPU
		{74FF4690-59D9-4167-AFA1-131520599ECE}.Debug|Any CPU.Build.0 = Debug|Any CPU
		{74FF4690-59D9-4167-AFA1-131520599ECE}.Release|Any CPU.ActiveCfg = Release|Any CPU
		{74FF4690-59D9-4167-AFA1-131520599ECE}.Release|Any CPU.Build.0 = Release|Any CPU
	EndGlobalSection
EndGlobal
